
Microsoft Visual Studio Solution File, Format Version 12.00
# Visual Studio Version 16
VisualStudioVersion = 16.0.31313.79
MinimumVisualStudioVersion = 10.0.40219.1
Project("{888888A0-9F3D-457C-B088-3A5042F75D52}") = "Python_box", "Python_box.pyproj", "{9A6D394D-7CE7-4A3A-BF1A-51AC17F07923}"
EndProject
Global
	GlobalSection(SolutionConfigurationPlatforms) = preSolution
		Debug|Any CPU = Debug|Any CPU
		Release|Any CPU = Release|Any CPU
	EndGlobalSection
	GlobalSection(ProjectConfigurationPlatforms) = postSolution
		{9A6D394D-7CE7-4A3A-BF1A-51AC17F07923}.Debug|Any CPU.ActiveCfg = Debug|Any CPU
		{9A6D394D-7CE7-4A3A-BF1A-51AC17F07923}.Release|Any CPU.ActiveCfg = Release|Any CPU
	EndGlobalSection
	GlobalSection(SolutionProperties) = preSolution
		HideSolutionNode = FALSE
	EndGlobalSection
	GlobalSection(ExtensibilityGlobals) = postSolution
		SolutionGuid = {DB4AEC46-A12E-4EB9-B2E7-A14902D1C83E}
	EndGlobalSection
EndGlobal
